Microsoft Visual Studio Solution File, Format Version 12.00
# Visual Studio Version 17
VisualStudioVersion = 17.5.2.0
MinimumVisualStudioVersion = 10.0.40219.1
Project("{FAE04EC0-301F-11D3-BF4B-00C04F79EFBC}") = "CurrencyApp", "CurrencyApp.csproj", "{54EAAF7B-2EF0-B266-240F-CEE2C6E167B6}"
EndProject
Global
	GlobalSection(SolutionConfigurationPlatforms) = preSolution
		Debug|Any CPU = Debug|Any CPU
		Release|Any CPU = Release|Any CPU
	EndGlobalSection
	GlobalSection(ProjectConfigurationPlatforms) = postSolution
		{54EAAF7B-2EF0-B266-240F-CEE2C6E167B6}.Debug|Any CPU.ActiveCfg = Debug|Any CPU
		{54EAAF7B-2EF0-B266-240F-CEE2C6E167B6}.Debug|Any CPU.Build.0 = Debug|Any CPU
		{54EAAF7B-2EF0-B266-240F-CEE2C6E167B6}.Release|Any CPU.ActiveCfg = Release|Any CPU
		{54EAAF7B-2EF0-B266-240F-CEE2C6E167B6}.Release|Any CPU.Build.0 = Release|Any CPU
	EndGlobalSection
	GlobalSection(SolutionProperties) = preSolution
		HideSolutionNode = FALSE
	EndGlobalSection
	GlobalSection(ExtensibilityGlobals) = postSolution
		SolutionGuid = {FF98C40F-8A88-4432-BF6A-5E9A70350FAA}
	EndGlobalSection
EndGlobal
